
Microsoft Visual Studio Solution File, Format Version 12.00
# Visual Studio Version 16
VisualStudioVersion = 16.0.31205.134
MinimumVisualStudioVersion = 10.0.40219.1
Project("{9A19103F-16F7-4668-BE54-9A1E7A4F7556}") = "Proline.RPlayerManagment.Client", "Proline.Resource.CPlayerManagment.Client\Proline.RPlayerManagment.Client.csproj", "{BBE6AB27-3DC9-4CE5-A82F-962AC7B2D28D}"
EndProject
Project("{9A19103F-16F7-4668-BE54-9A1E7A4F7556}") = "Proline.RPlayerManagment.Server", "Proline.Resource.CPlayerManagment.Server\Proline.RPlayerManagment.Server.csproj", "{80070FF6-F5BB-4930-881F-3C1DC5B62F9E}"
EndProject
Global
	GlobalSection(SolutionConfigurationPlatforms) = preSolution
		Debug|Any CPU = Debug|Any CPU
		Release|Any CPU = Release|Any CPU
	EndGlobalSection
	GlobalSection(ProjectConfigurationPlatforms) = postSolution
		{BBE6AB27-3DC9-4CE5-A82F-962AC7B2D28D}.Debug|Any CPU.ActiveCfg = Debug|Any CPU
		{BBE6AB27-3DC9-4CE5-A82F-962AC7B2D28D}.Debug|Any CPU.Build.0 = Debug|Any CPU
		{BBE6AB27-3DC9-4CE5-A82F-962AC7B2D28D}.Release|Any CPU.ActiveCfg = Release|Any CPU
		{BBE6AB27-3DC9-4CE5-A82F-962AC7B2D28D}.Release|Any CPU.Build.0 = Release|Any CPU
		{80070FF6-F5BB-4930-881F-3C1DC5B62F9E}.Debug|Any CPU.ActiveCfg = Debug|Any CPU
		{80070FF6-F5BB-4930-881F-3C1DC5B62F9E}.Debug|Any CPU.Build.0 = Debug|Any CPU
		{80070FF6-F5BB-4930-881F-3C1DC5B62F9E}.Release|Any CPU.ActiveCfg = Release|Any CPU
		{80070FF6-F5BB-4930-881F-3C1DC5B62F9E}.Release|Any CPU.Build.0 = Release|Any CPU
	EndGlobalSection
	GlobalSection(SolutionProperties) = preSolution
		HideSolutionNode = FALSE
	EndGlobalSection
	GlobalSection(ExtensibilityGlobals) = postSolution
		SolutionGuid = {7C08528B-4B4F-4988-AB4C-929F11F19AA8}
	EndGlobalSection
EndGlobal
