
Microsoft Visual Studio Solution File, Format Version 12.00
# Visual Studio Version 16
VisualStudioVersion = 16.0.31205.134
MinimumVisualStudioVersion = 10.0.40219.1
Project("{FAE04EC0-301F-11D3-BF4B-00C04F79EFBC}") = "Proline.Engine.ConsoleApp", "Proline.Engine.ConsoleApp\Proline.Engine.ConsoleApp.csproj", "{339054F0-5643-4FE6-9C42-A30B3E945564}"
EndProject
Project("{FAE04EC0-301F-11D3-BF4B-00C04F79EFBC}") = "Proline.Engine", "Proline.Engine\Proline.Engine.csproj", "{00115FAF-FB34-4DC7-BBEB-E8E9AE227C42}"
EndProject
Project("{FAE04EC0-301F-11D3-BF4B-00C04F79EFBC}") = "Proline.Framework", "Proline.Framework\Proline.Framework.csproj", "{E36980BA-3207-40E5-BF24-9410110CADD3}"
EndProject
Project("{2150E333-8FDC-42A3-9474-1A3956D46DE8}") = "Example", "Example", "{37D2FCDA-66F8-4B7C-B414-F8C319141B1A}"
EndProject
Project("{FAE04EC0-301F-11D3-BF4B-00C04F79EFBC}") = "Proline.Example.Client", "Proline.Example.Client\Proline.Example.Client.csproj", "{9603983B-D4E4-43AC-AA33-94E4162BB6E6}"
EndProject
Project("{2150E333-8FDC-42A3-9474-1A3956D46DE8}") = "Solution Items", "Solution Items", "{7104F43E-8BD5-43AC-B575-5C5BC7642D02}"
EndProject
Global
	GlobalSection(SolutionConfigurationPlatforms) = preSolution
		Debug|Any CPU = Debug|Any CPU
		Release|Any CPU = Release|Any CPU
	EndGlobalSection
	GlobalSection(ProjectConfigurationPlatforms) = postSolution
		{339054F0-5643-4FE6-9C42-A30B3E945564}.Debug|Any CPU.ActiveCfg = Debug|Any CPU
		{339054F0-5643-4FE6-9C42-A30B3E945564}.Debug|Any CPU.Build.0 = Debug|Any CPU
		{339054F0-5643-4FE6-9C42-A30B3E945564}.Release|Any CPU.ActiveCfg = Release|Any CPU
		{339054F0-5643-4FE6-9C42-A30B3E945564}.Release|Any CPU.Build.0 = Release|Any CPU
		{00115FAF-FB34-4DC7-BBEB-E8E9AE227C42}.Debug|Any CPU.ActiveCfg = Debug|Any CPU
		{00115FAF-FB34-4DC7-BBEB-E8E9AE227C42}.Debug|Any CPU.Build.0 = Debug|Any CPU
		{00115FAF-FB34-4DC7-BBEB-E8E9AE227C42}.Release|Any CPU.ActiveCfg = Release|Any CPU
		{00115FAF-FB34-4DC7-BBEB-E8E9AE227C42}.Release|Any CPU.Build.0 = Release|Any CPU
		{E36980BA-3207-40E5-BF24-9410110CADD3}.Debug|Any CPU.ActiveCfg = Debug|Any CPU
		{E36980BA-3207-40E5-BF24-9410110CADD3}.Debug|Any CPU.Build.0 = Debug|Any CPU
		{E36980BA-3207-40E5-BF24-9410110CADD3}.Release|Any CPU.ActiveCfg = Release|Any CPU
		{E36980BA-3207-40E5-BF24-9410110CADD3}.Release|Any CPU.Build.0 = Release|Any CPU
		{9603983B-D4E4-43AC-AA33-94E4162BB6E6}.Debug|Any CPU.ActiveCfg = Debug|Any CPU
		{9603983B-D4E4-43AC-AA33-94E4162BB6E6}.Debug|Any CPU.Build.0 = Debug|Any CPU
		{9603983B-D4E4-43AC-AA33-94E4162BB6E6}.Release|Any CPU.ActiveCfg = Release|Any CPU
		{9603983B-D4E4-43AC-AA33-94E4162BB6E6}.Release|Any CPU.Build.0 = Release|Any CPU
	EndGlobalSection
	GlobalSection(SolutionProperties) = preSolution
		HideSolutionNode = FALSE
	EndGlobalSection
	GlobalSection(NestedProjects) = preSolution
		{9603983B-D4E4-43AC-AA33-94E4162BB6E6} = {37D2FCDA-66F8-4B7C-B414-F8C319141B1A}
	EndGlobalSection
	GlobalSection(ExtensibilityGlobals) = postSolution
		SolutionGuid = {013289F4-78DA-4029-94DE-2A6DE5FC4C4D}
	EndGlobalSection
EndGlobal
