
Microsoft Visual Studio Solution File, Format Version 12.00
# Visual Studio Version 17
VisualStudioVersion = 17.1.32414.318
MinimumVisualStudioVersion = 10.0.40219.1
Project("{9A19103F-16F7-4668-BE54-9A1E7A4F7556}") = "Proline.Resource.Console", "Proline.Resource.Console\Proline.Resource.Console.csproj", "{713E4516-3824-46C9-A015-D74516D706CA}"
EndProject
Project("{9A19103F-16F7-4668-BE54-9A1E7A4F7556}") = "Proline.Resource.Networking", "Proline.Resource.Networking\Proline.Resource.Networking.csproj", "{3BCA7972-279A-4EF9-A572-FC9F87D5C408}"
EndProject
Project("{9A19103F-16F7-4668-BE54-9A1E7A4F7556}") = "Proline.Resource.Framework", "Proline.Resource.Framework\Proline.Resource.Framework.csproj", "{D58DB02A-F294-4267-A933-88899B0C259A}"
EndProject
Project("{9A19103F-16F7-4668-BE54-9A1E7A4F7556}") = "Proline.Resource.Logging", "Proline.Resource.Logging\Proline.Resource.Logging.csproj", "{B6C5629D-A053-4A6C-8E99-98B3565A3FCD}"
EndProject
Global
	GlobalSection(SolutionConfigurationPlatforms) = preSolution
		Debug|Any CPU = Debug|Any CPU
		Release|Any CPU = Release|Any CPU
	EndGlobalSection
	GlobalSection(ProjectConfigurationPlatforms) = postSolution
		{713E4516-3824-46C9-A015-D74516D706CA}.Debug|Any CPU.ActiveCfg = Debug|Any CPU
		{713E4516-3824-46C9-A015-D74516D706CA}.Debug|Any CPU.Build.0 = Debug|Any CPU
		{713E4516-3824-46C9-A015-D74516D706CA}.Release|Any CPU.ActiveCfg = Release|Any CPU
		{713E4516-3824-46C9-A015-D74516D706CA}.Release|Any CPU.Build.0 = Release|Any CPU
		{3BCA7972-279A-4EF9-A572-FC9F87D5C408}.Debug|Any CPU.ActiveCfg = Debug|Any CPU
		{3BCA7972-279A-4EF9-A572-FC9F87D5C408}.Debug|Any CPU.Build.0 = Debug|Any CPU
		{3BCA7972-279A-4EF9-A572-FC9F87D5C408}.Release|Any CPU.ActiveCfg = Release|Any CPU
		{3BCA7972-279A-4EF9-A572-FC9F87D5C408}.Release|Any CPU.Build.0 = Release|Any CPU
		{D58DB02A-F294-4267-A933-88899B0C259A}.Debug|Any CPU.ActiveCfg = Debug|Any CPU
		{D58DB02A-F294-4267-A933-88899B0C259A}.Debug|Any CPU.Build.0 = Debug|Any CPU
		{D58DB02A-F294-4267-A933-88899B0C259A}.Release|Any CPU.ActiveCfg = Release|Any CPU
		{D58DB02A-F294-4267-A933-88899B0C259A}.Release|Any CPU.Build.0 = Release|Any CPU
		{B6C5629D-A053-4A6C-8E99-98B3565A3FCD}.Debug|Any CPU.ActiveCfg = Debug|Any CPU
		{B6C5629D-A053-4A6C-8E99-98B3565A3FCD}.Debug|Any CPU.Build.0 = Debug|Any CPU
		{B6C5629D-A053-4A6C-8E99-98B3565A3FCD}.Release|Any CPU.ActiveCfg = Release|Any CPU
		{B6C5629D-A053-4A6C-8E99-98B3565A3FCD}.Release|Any CPU.Build.0 = Release|Any CPU
	EndGlobalSection
	GlobalSection(SolutionProperties) = preSolution
		HideSolutionNode = FALSE
	EndGlobalSection
	GlobalSection(ExtensibilityGlobals) = postSolution
		SolutionGuid = {59F95FAE-13AE-4844-A18F-20052F403922}
	EndGlobalSection
EndGlobal
