
Microsoft Visual Studio Solution File, Format Version 12.00
# Visual Studio Version 16
VisualStudioVersion = 16.0.31205.134
MinimumVisualStudioVersion = 10.0.40219.1
Project("{9A19103F-16F7-4668-BE54-9A1E7A4F7556}") = "Proline.Game.Core", "Proline.Resource.Engine.Core\Proline.Game.Core.csproj", "{343CBDCB-4F4E-428A-BE0D-3B102579B549}"
EndProject
Project("{9A19103F-16F7-4668-BE54-9A1E7A4F7556}") = "Proline.Game.Scripts", "Proline.Resource.Engine.LevelScripts\Proline.Game.Scripts.csproj", "{0FDB9334-D6D0-42D6-B7B6-D5DA4604478B}"
EndProject
Global
	GlobalSection(SolutionConfigurationPlatforms) = preSolution
		Debug|Any CPU = Debug|Any CPU
		Release|Any CPU = Release|Any CPU
	EndGlobalSection
	GlobalSection(ProjectConfigurationPlatforms) = postSolution
		{343CBDCB-4F4E-428A-BE0D-3B102579B549}.Debug|Any CPU.ActiveCfg = Debug|Any CPU
		{343CBDCB-4F4E-428A-BE0D-3B102579B549}.Debug|Any CPU.Build.0 = Debug|Any CPU
		{343CBDCB-4F4E-428A-BE0D-3B102579B549}.Release|Any CPU.ActiveCfg = Release|Any CPU
		{343CBDCB-4F4E-428A-BE0D-3B102579B549}.Release|Any CPU.Build.0 = Release|Any CPU
		{0FDB9334-D6D0-42D6-B7B6-D5DA4604478B}.Debug|Any CPU.ActiveCfg = Debug|Any CPU
		{0FDB9334-D6D0-42D6-B7B6-D5DA4604478B}.Debug|Any CPU.Build.0 = Debug|Any CPU
		{0FDB9334-D6D0-42D6-B7B6-D5DA4604478B}.Release|Any CPU.ActiveCfg = Release|Any CPU
		{0FDB9334-D6D0-42D6-B7B6-D5DA4604478B}.Release|Any CPU.Build.0 = Release|Any CPU
	EndGlobalSection
	GlobalSection(SolutionProperties) = preSolution
		HideSolutionNode = FALSE
	EndGlobalSection
	GlobalSection(ExtensibilityGlobals) = postSolution
		SolutionGuid = {3CBA4047-AF5E-4D34-AEFD-A52E1D183C85}
	EndGlobalSection
EndGlobal
