
Microsoft Visual Studio Solution File, Format Version 12.00
# Visual Studio Version 16
VisualStudioVersion = 16.0.31205.134
MinimumVisualStudioVersion = 10.0.40219.1
Project("{9A19103F-16F7-4668-BE54-9A1E7A4F7556}") = "Proline.Resource.Core.Client", "Proline.Resource.Engine.Client\Proline.Resource.Core.Client.csproj", "{9719A1FC-5259-456E-802C-152F8E787585}"
EndProject
Project("{9A19103F-16F7-4668-BE54-9A1E7A4F7556}") = "Proline.Resource.Core.Client.MidLayer", "Proline.Resource.Engine.Core\Proline.Resource.Core.Client.MidLayer.csproj", "{343CBDCB-4F4E-428A-BE0D-3B102579B549}"
EndProject
Project("{9A19103F-16F7-4668-BE54-9A1E7A4F7556}") = "Proline.Scripts.Classic", "Proline.Resource.Engine.LevelScripts\Proline.Scripts.Classic.csproj", "{0FDB9334-D6D0-42D6-B7B6-D5DA4604478B}"
EndProject
Project("{9A19103F-16F7-4668-BE54-9A1E7A4F7556}") = "Proline.Resource.Core.Server", "Proline.Resource.Engine.Server\Proline.Resource.Core.Server.csproj", "{021FBEDF-9853-4458-84B4-6F0B9C7D1AFC}"
EndProject
Project("{FAE04EC0-301F-11D3-BF4B-00C04F79EFBC}") = "Proline.Resource.Core.Server.NUnit", "Proline.Resource.Core.NUnit\Proline.Resource.Core.Server.NUnit.csproj", "{CE1360A4-96F5-44AE-AB42-A79CA220BABE}"
EndProject
Project("{FAE04EC0-301F-11D3-BF4B-00C04F79EFBC}") = "Proline.Resource.Core.Server.MidLayer", "Proline.Resource.Core.Access\Proline.Resource.Core.Server.MidLayer.csproj", "{2A421201-FCD7-498A-B7A0-5B8F38074DF3}"
EndProject
Project("{2150E333-8FDC-42A3-9474-1A3956D46DE8}") = "Server", "Server", "{3DE6B4EB-9A57-4DFF-8085-9DB89BD43090}"
EndProject
Project("{2150E333-8FDC-42A3-9474-1A3956D46DE8}") = "Client", "Client", "{B061474D-0189-4965-84BA-504D6F55937E}"
EndProject
Project("{2150E333-8FDC-42A3-9474-1A3956D46DE8}") = "LevelScripts", "LevelScripts", "{F31CE82D-4383-4477-B071-2AAB2A222F9F}"
EndProject
Global
	GlobalSection(SolutionConfigurationPlatforms) = preSolution
		Debug|Any CPU = Debug|Any CPU
		Release|Any CPU = Release|Any CPU
	EndGlobalSection
	GlobalSection(ProjectConfigurationPlatforms) = postSolution
		{9719A1FC-5259-456E-802C-152F8E787585}.Debug|Any CPU.ActiveCfg = Debug|Any CPU
		{9719A1FC-5259-456E-802C-152F8E787585}.Debug|Any CPU.Build.0 = Debug|Any CPU
		{9719A1FC-5259-456E-802C-152F8E787585}.Release|Any CPU.ActiveCfg = Release|Any CPU
		{9719A1FC-5259-456E-802C-152F8E787585}.Release|Any CPU.Build.0 = Release|Any CPU
		{343CBDCB-4F4E-428A-BE0D-3B102579B549}.Debug|Any CPU.ActiveCfg = Debug|Any CPU
		{343CBDCB-4F4E-428A-BE0D-3B102579B549}.Debug|Any CPU.Build.0 = Debug|Any CPU
		{343CBDCB-4F4E-428A-BE0D-3B102579B549}.Release|Any CPU.ActiveCfg = Release|Any CPU
		{343CBDCB-4F4E-428A-BE0D-3B102579B549}.Release|Any CPU.Build.0 = Release|Any CPU
		{0FDB9334-D6D0-42D6-B7B6-D5DA4604478B}.Debug|Any CPU.ActiveCfg = Debug|Any CPU
		{0FDB9334-D6D0-42D6-B7B6-D5DA4604478B}.Debug|Any CPU.Build.0 = Debug|Any CPU
		{0FDB9334-D6D0-42D6-B7B6-D5DA4604478B}.Release|Any CPU.ActiveCfg = Release|Any CPU
		{0FDB9334-D6D0-42D6-B7B6-D5DA4604478B}.Release|Any CPU.Build.0 = Release|Any CPU
		{021FBEDF-9853-4458-84B4-6F0B9C7D1AFC}.Debug|Any CPU.ActiveCfg = Debug|Any CPU
		{021FBEDF-9853-4458-84B4-6F0B9C7D1AFC}.Debug|Any CPU.Build.0 = Debug|Any CPU
		{021FBEDF-9853-4458-84B4-6F0B9C7D1AFC}.Release|Any CPU.ActiveCfg = Release|Any CPU
		{021FBEDF-9853-4458-84B4-6F0B9C7D1AFC}.Release|Any CPU.Build.0 = Release|Any CPU
		{CE1360A4-96F5-44AE-AB42-A79CA220BABE}.Debug|Any CPU.ActiveCfg = Debug|Any CPU
		{CE1360A4-96F5-44AE-AB42-A79CA220BABE}.Debug|Any CPU.Build.0 = Debug|Any CPU
		{CE1360A4-96F5-44AE-AB42-A79CA220BABE}.Release|Any CPU.ActiveCfg = Release|Any CPU
		{CE1360A4-96F5-44AE-AB42-A79CA220BABE}.Release|Any CPU.Build.0 = Release|Any CPU
		{2A421201-FCD7-498A-B7A0-5B8F38074DF3}.Debug|Any CPU.ActiveCfg = Debug|Any CPU
		{2A421201-FCD7-498A-B7A0-5B8F38074DF3}.Debug|Any CPU.Build.0 = Debug|Any CPU
		{2A421201-FCD7-498A-B7A0-5B8F38074DF3}.Release|Any CPU.ActiveCfg = Release|Any CPU
		{2A421201-FCD7-498A-B7A0-5B8F38074DF3}.Release|Any CPU.Build.0 = Release|Any CPU
	EndGlobalSection
	GlobalSection(SolutionProperties) = preSolution
		HideSolutionNode = FALSE
	EndGlobalSection
	GlobalSection(NestedProjects) = preSolution
		{9719A1FC-5259-456E-802C-152F8E787585} = {B061474D-0189-4965-84BA-504D6F55937E}
		{343CBDCB-4F4E-428A-BE0D-3B102579B549} = {B061474D-0189-4965-84BA-504D6F55937E}
		{0FDB9334-D6D0-42D6-B7B6-D5DA4604478B} = {F31CE82D-4383-4477-B071-2AAB2A222F9F}
		{021FBEDF-9853-4458-84B4-6F0B9C7D1AFC} = {3DE6B4EB-9A57-4DFF-8085-9DB89BD43090}
		{CE1360A4-96F5-44AE-AB42-A79CA220BABE} = {3DE6B4EB-9A57-4DFF-8085-9DB89BD43090}
		{2A421201-FCD7-498A-B7A0-5B8F38074DF3} = {3DE6B4EB-9A57-4DFF-8085-9DB89BD43090}
	EndGlobalSection
	GlobalSection(ExtensibilityGlobals) = postSolution
		SolutionGuid = {3CBA4047-AF5E-4D34-AEFD-A52E1D183C85}
	EndGlobalSection
EndGlobal
