
Microsoft Visual Studio Solution File, Format Version 12.00
# Visual Studio Version 16
VisualStudioVersion = 16.0.31205.134
MinimumVisualStudioVersion = 10.0.40219.1
Project("{9A19103F-16F7-4668-BE54-9A1E7A4F7556}") = "Proline.ExampleClient.Scripts", "Proline.ExampleClient\Proline.ExampleClient.Scripts.csproj", "{20969A78-20F4-43F7-BD7D-E8575062F49E}"
EndProject
Project("{9A19103F-16F7-4668-BE54-9A1E7A4F7556}") = "Proline.ExampleClient.ComponentData", "Proline.ExampleClient.DataComponent\Proline.ExampleClient.ComponentData.csproj", "{40C49B12-65A8-4E77-8D31-869C5335A064}"
EndProject
Project("{9A19103F-16F7-4668-BE54-9A1E7A4F7556}") = "Proline.ExampleClient.Classic", "Proline.ExampleClient.Engine\Proline.ExampleClient.Classic.csproj", "{106F4EE3-A7F1-4676-8DB8-E19C6DE016B5}"
EndProject
Project("{9A19103F-16F7-4668-BE54-9A1E7A4F7556}") = "Proline.ExampleClient.ComponentUI", "Proline.ExampleClient.ComponentUI\Proline.ExampleClient.ComponentUI.csproj", "{ADA70866-BB67-4895-BA84-4C41F97BB5DC}"
EndProject
Project("{9A19103F-16F7-4668-BE54-9A1E7A4F7556}") = "Proline.ExampleClient.ComponentCharacter", "Proline.ExampleClient.ComponentCharacter\Proline.ExampleClient.ComponentCharacter.csproj", "{7AA926C5-501E-418E-9514-105460A89D31}"
EndProject
Project("{FAE04EC0-301F-11D3-BF4B-00C04F79EFBC}") = "Proline.ExampleClient.ComponentScripting", "Proline.ExampleClient.ComponentScripting\Proline.ExampleClient.ComponentScripting.csproj", "{0A1CA512-BAF1-4D3E-A7DE-F20B9C32F057}"
EndProject
Project("{9A19103F-16F7-4668-BE54-9A1E7A4F7556}") = "Proline.ExampleClient.ComponentLogging", "Proline.ExampleClient.ComponentLogging\Proline.ExampleClient.ComponentLogging.csproj", "{F450D120-CD17-4177-B835-693B1C41DDBC}"
EndProject
Global
	GlobalSection(SolutionConfigurationPlatforms) = preSolution
		Debug|Any CPU = Debug|Any CPU
		Release|Any CPU = Release|Any CPU
	EndGlobalSection
	GlobalSection(ProjectConfigurationPlatforms) = postSolution
		{20969A78-20F4-43F7-BD7D-E8575062F49E}.Debug|Any CPU.ActiveCfg = Debug|Any CPU
		{20969A78-20F4-43F7-BD7D-E8575062F49E}.Debug|Any CPU.Build.0 = Debug|Any CPU
		{20969A78-20F4-43F7-BD7D-E8575062F49E}.Release|Any CPU.ActiveCfg = Release|Any CPU
		{20969A78-20F4-43F7-BD7D-E8575062F49E}.Release|Any CPU.Build.0 = Release|Any CPU
		{40C49B12-65A8-4E77-8D31-869C5335A064}.Debug|Any CPU.ActiveCfg = Debug|Any CPU
		{40C49B12-65A8-4E77-8D31-869C5335A064}.Debug|Any CPU.Build.0 = Debug|Any CPU
		{40C49B12-65A8-4E77-8D31-869C5335A064}.Release|Any CPU.ActiveCfg = Release|Any CPU
		{40C49B12-65A8-4E77-8D31-869C5335A064}.Release|Any CPU.Build.0 = Release|Any CPU
		{106F4EE3-A7F1-4676-8DB8-E19C6DE016B5}.Debug|Any CPU.ActiveCfg = Debug|Any CPU
		{106F4EE3-A7F1-4676-8DB8-E19C6DE016B5}.Debug|Any CPU.Build.0 = Debug|Any CPU
		{106F4EE3-A7F1-4676-8DB8-E19C6DE016B5}.Release|Any CPU.ActiveCfg = Release|Any CPU
		{106F4EE3-A7F1-4676-8DB8-E19C6DE016B5}.Release|Any CPU.Build.0 = Release|Any CPU
		{ADA70866-BB67-4895-BA84-4C41F97BB5DC}.Debug|Any CPU.ActiveCfg = Debug|Any CPU
		{ADA70866-BB67-4895-BA84-4C41F97BB5DC}.Debug|Any CPU.Build.0 = Debug|Any CPU
		{ADA70866-BB67-4895-BA84-4C41F97BB5DC}.Release|Any CPU.ActiveCfg = Release|Any CPU
		{ADA70866-BB67-4895-BA84-4C41F97BB5DC}.Release|Any CPU.Build.0 = Release|Any CPU
		{7AA926C5-501E-418E-9514-105460A89D31}.Debug|Any CPU.ActiveCfg = Debug|Any CPU
		{7AA926C5-501E-418E-9514-105460A89D31}.Debug|Any CPU.Build.0 = Debug|Any CPU
		{7AA926C5-501E-418E-9514-105460A89D31}.Release|Any CPU.ActiveCfg = Release|Any CPU
		{7AA926C5-501E-418E-9514-105460A89D31}.Release|Any CPU.Build.0 = Release|Any CPU
		{0A1CA512-BAF1-4D3E-A7DE-F20B9C32F057}.Debug|Any CPU.ActiveCfg = Debug|Any CPU
		{0A1CA512-BAF1-4D3E-A7DE-F20B9C32F057}.Debug|Any CPU.Build.0 = Debug|Any CPU
		{0A1CA512-BAF1-4D3E-A7DE-F20B9C32F057}.Release|Any CPU.ActiveCfg = Release|Any CPU
		{0A1CA512-BAF1-4D3E-A7DE-F20B9C32F057}.Release|Any CPU.Build.0 = Release|Any CPU
		{F450D120-CD17-4177-B835-693B1C41DDBC}.Debug|Any CPU.ActiveCfg = Debug|Any CPU
		{F450D120-CD17-4177-B835-693B1C41DDBC}.Debug|Any CPU.Build.0 = Debug|Any CPU
		{F450D120-CD17-4177-B835-693B1C41DDBC}.Release|Any CPU.ActiveCfg = Release|Any CPU
		{F450D120-CD17-4177-B835-693B1C41DDBC}.Release|Any CPU.Build.0 = Release|Any CPU
	EndGlobalSection
	GlobalSection(SolutionProperties) = preSolution
		HideSolutionNode = FALSE
	EndGlobalSection
	GlobalSection(ExtensibilityGlobals) = postSolution
		SolutionGuid = {9C2EDC16-681D-40A9-9168-7C35B4D4F23C}
	EndGlobalSection
EndGlobal
