
Microsoft Visual Studio Solution File, Format Version 12.00
# Visual Studio Version 16
VisualStudioVersion = 16.0.31205.134
MinimumVisualStudioVersion = 10.0.40219.1
Project("{9A19103F-16F7-4668-BE54-9A1E7A4F7556}") = "Proline.Online.Engine", "Proline.ExampleClient.Engine\Proline.Online.Engine.csproj", "{106F4EE3-A7F1-4676-8DB8-E19C6DE016B5}"
EndProject
Global
	GlobalSection(SolutionConfigurationPlatforms) = preSolution
		Debug|Any CPU = Debug|Any CPU
		Release|Any CPU = Release|Any CPU
	EndGlobalSection
	GlobalSection(ProjectConfigurationPlatforms) = postSolution
		{106F4EE3-A7F1-4676-8DB8-E19C6DE016B5}.Debug|Any CPU.ActiveCfg = Debug|Any CPU
		{106F4EE3-A7F1-4676-8DB8-E19C6DE016B5}.Debug|Any CPU.Build.0 = Debug|Any CPU
		{106F4EE3-A7F1-4676-8DB8-E19C6DE016B5}.Release|Any CPU.ActiveCfg = Release|Any CPU
		{106F4EE3-A7F1-4676-8DB8-E19C6DE016B5}.Release|Any CPU.Build.0 = Release|Any CPU
	EndGlobalSection
	GlobalSection(SolutionProperties) = preSolution
		HideSolutionNode = FALSE
	EndGlobalSection
	GlobalSection(ExtensibilityGlobals) = postSolution
		SolutionGuid = {9C2EDC16-681D-40A9-9168-7C35B4D4F23C}
	EndGlobalSection
EndGlobal
