
Microsoft Visual Studio Solution File, Format Version 12.00
# Visual Studio Version 16
VisualStudioVersion = 16.0.31205.134
MinimumVisualStudioVersion = 10.0.40219.1
Project("{FAE04EC0-301F-11D3-BF4B-00C04F79EFBC}") = "Proline.Scripting.Component.Client", "Proline.CScripting.Client\Proline.Scripting.Component.Client.csproj", "{727F3885-3BED-4563-B9CB-783E7166C19E}"
EndProject
Project("{FAE04EC0-301F-11D3-BF4B-00C04F79EFBC}") = "Proline.Scripting.Framework", "Proline.CScripting.Framework\Proline.Scripting.Framework.csproj", "{7630BEE9-4516-4722-A856-3EF51CC9679B}"
EndProject
Project("{FAE04EC0-301F-11D3-BF4B-00C04F79EFBC}") = "Proline.Scripting.Component.Server", "Proline.CScripting.Server\Proline.Scripting.Component.Server.csproj", "{F618B83B-4C86-4722-B663-75BB939C2DE9}"
EndProject
Project("{FAE04EC0-301F-11D3-BF4B-00C04F79EFBC}") = "Proline.Scripting.ExampleScripts", "Proline.CScripting.Scripts\Proline.Scripting.ExampleScripts.csproj", "{174F688D-9F9F-4E4D-8DCC-05766702CDCE}"
EndProject
Global
	GlobalSection(SolutionConfigurationPlatforms) = preSolution
		Debug|Any CPU = Debug|Any CPU
		Release|Any CPU = Release|Any CPU
	EndGlobalSection
	GlobalSection(ProjectConfigurationPlatforms) = postSolution
		{727F3885-3BED-4563-B9CB-783E7166C19E}.Debug|Any CPU.ActiveCfg = Debug|Any CPU
		{727F3885-3BED-4563-B9CB-783E7166C19E}.Debug|Any CPU.Build.0 = Debug|Any CPU
		{727F3885-3BED-4563-B9CB-783E7166C19E}.Release|Any CPU.ActiveCfg = Release|Any CPU
		{727F3885-3BED-4563-B9CB-783E7166C19E}.Release|Any CPU.Build.0 = Release|Any CPU
		{7630BEE9-4516-4722-A856-3EF51CC9679B}.Debug|Any CPU.ActiveCfg = Debug|Any CPU
		{7630BEE9-4516-4722-A856-3EF51CC9679B}.Debug|Any CPU.Build.0 = Debug|Any CPU
		{7630BEE9-4516-4722-A856-3EF51CC9679B}.Release|Any CPU.ActiveCfg = Release|Any CPU
		{7630BEE9-4516-4722-A856-3EF51CC9679B}.Release|Any CPU.Build.0 = Release|Any CPU
		{F618B83B-4C86-4722-B663-75BB939C2DE9}.Debug|Any CPU.ActiveCfg = Debug|Any CPU
		{F618B83B-4C86-4722-B663-75BB939C2DE9}.Debug|Any CPU.Build.0 = Debug|Any CPU
		{F618B83B-4C86-4722-B663-75BB939C2DE9}.Release|Any CPU.ActiveCfg = Release|Any CPU
		{F618B83B-4C86-4722-B663-75BB939C2DE9}.Release|Any CPU.Build.0 = Release|Any CPU
		{174F688D-9F9F-4E4D-8DCC-05766702CDCE}.Debug|Any CPU.ActiveCfg = Debug|Any CPU
		{174F688D-9F9F-4E4D-8DCC-05766702CDCE}.Debug|Any CPU.Build.0 = Debug|Any CPU
		{174F688D-9F9F-4E4D-8DCC-05766702CDCE}.Release|Any CPU.ActiveCfg = Release|Any CPU
		{174F688D-9F9F-4E4D-8DCC-05766702CDCE}.Release|Any CPU.Build.0 = Release|Any CPU
	EndGlobalSection
	GlobalSection(SolutionProperties) = preSolution
		HideSolutionNode = FALSE
	EndGlobalSection
	GlobalSection(ExtensibilityGlobals) = postSolution
		SolutionGuid = {CC9AAD2F-061B-4CE8-B471-F1759E798A23}
	EndGlobalSection
EndGlobal
