
Microsoft Visual Studio Solution File, Format Version 12.00
# Visual Studio Version 17
VisualStudioVersion = 17.1.32414.318
MinimumVisualStudioVersion = 10.0.40219.1
Project("{9A19103F-16F7-4668-BE54-9A1E7A4F7556}") = "Proline.OnlineEngine.Core", "Proline.OnlineEngine.Core\Proline.OnlineEngine.Core.csproj", "{78709145-7BD1-48AE-B259-5E84BC914CF2}"
EndProject
Global
	GlobalSection(SolutionConfigurationPlatforms) = preSolution
		Debug|Any CPU = Debug|Any CPU
		Release|Any CPU = Release|Any CPU
	EndGlobalSection
	GlobalSection(ProjectConfigurationPlatforms) = postSolution
		{78709145-7BD1-48AE-B259-5E84BC914CF2}.Debug|Any CPU.ActiveCfg = Debug|Any CPU
		{78709145-7BD1-48AE-B259-5E84BC914CF2}.Debug|Any CPU.Build.0 = Debug|Any CPU
		{78709145-7BD1-48AE-B259-5E84BC914CF2}.Release|Any CPU.ActiveCfg = Release|Any CPU
		{78709145-7BD1-48AE-B259-5E84BC914CF2}.Release|Any CPU.Build.0 = Release|Any CPU
	EndGlobalSection
	GlobalSection(SolutionProperties) = preSolution
		HideSolutionNode = FALSE
	EndGlobalSection
	GlobalSection(ExtensibilityGlobals) = postSolution
		SolutionGuid = {3B67EE8F-4E42-42B3-8DD7-E0C02AE1F581}
	EndGlobalSection
EndGlobal
