
Microsoft Visual Studio Solution File, Format Version 12.00
# Visual Studio Version 17
VisualStudioVersion = 17.1.32414.318
MinimumVisualStudioVersion = 10.0.40219.1
Project("{FAE04EC0-301F-11D3-BF4B-00C04F79EFBC}") = "Proline.Workbench.EventTester", "Proline.Workbench.EventTester\Proline.Workbench.EventTester.csproj", "{90DD2F29-26CF-433A-A7A4-13929A2BFF10}"
EndProject
Project("{FAE04EC0-301F-11D3-BF4B-00C04F79EFBC}") = "Proline.Workbench.FiveMSource", "Proline.Workbench.FiveMSource\Proline.Workbench.FiveMSource.csproj", "{9C71A6F8-95FD-480F-8BF0-0C2B359F371E}"
EndProject
Global
	GlobalSection(SolutionConfigurationPlatforms) = preSolution
		Debug|Any CPU = Debug|Any CPU
		Release|Any CPU = Release|Any CPU
	EndGlobalSection
	GlobalSection(ProjectConfigurationPlatforms) = postSolution
		{90DD2F29-26CF-433A-A7A4-13929A2BFF10}.Debug|Any CPU.ActiveCfg = Debug|Any CPU
		{90DD2F29-26CF-433A-A7A4-13929A2BFF10}.Debug|Any CPU.Build.0 = Debug|Any CPU
		{90DD2F29-26CF-433A-A7A4-13929A2BFF10}.Release|Any CPU.ActiveCfg = Release|Any CPU
		{90DD2F29-26CF-433A-A7A4-13929A2BFF10}.Release|Any CPU.Build.0 = Release|Any CPU
		{9C71A6F8-95FD-480F-8BF0-0C2B359F371E}.Debug|Any CPU.ActiveCfg = Debug|Any CPU
		{9C71A6F8-95FD-480F-8BF0-0C2B359F371E}.Debug|Any CPU.Build.0 = Debug|Any CPU
		{9C71A6F8-95FD-480F-8BF0-0C2B359F371E}.Release|Any CPU.ActiveCfg = Release|Any CPU
		{9C71A6F8-95FD-480F-8BF0-0C2B359F371E}.Release|Any CPU.Build.0 = Release|Any CPU
	EndGlobalSection
	GlobalSection(SolutionProperties) = preSolution
		HideSolutionNode = FALSE
	EndGlobalSection
	GlobalSection(ExtensibilityGlobals) = postSolution
		SolutionGuid = {B33217A1-FAC8-4931-98A8-6B016DB6B767}
	EndGlobalSection
EndGlobal
