
Microsoft Visual Studio Solution File, Format Version 12.00
# Visual Studio Version 16
VisualStudioVersion = 16.0.31205.134
MinimumVisualStudioVersion = 10.0.40219.1
Project("{9A19103F-16F7-4668-BE54-9A1E7A4F7556}") = "Proline.Component.Framework.Client", "Proline.Component.Framework.Client\Proline.Component.Framework.Client.csproj", "{807F9E08-6084-40F9-8FCD-6ED304E3ADF7}"
EndProject
Project("{FAE04EC0-301F-11D3-BF4B-00C04F79EFBC}") = "Proline.Component.Framework.Server", "Proline.Component.Framework.Server\Proline.Component.Framework.Server.csproj", "{D4DD6670-58ED-4A43-B4AD-AE21D945E634}"
EndProject
Global
	GlobalSection(SolutionConfigurationPlatforms) = preSolution
		Debug|Any CPU = Debug|Any CPU
		Release|Any CPU = Release|Any CPU
	EndGlobalSection
	GlobalSection(ProjectConfigurationPlatforms) = postSolution
		{807F9E08-6084-40F9-8FCD-6ED304E3ADF7}.Debug|Any CPU.ActiveCfg = Debug|Any CPU
		{807F9E08-6084-40F9-8FCD-6ED304E3ADF7}.Debug|Any CPU.Build.0 = Debug|Any CPU
		{807F9E08-6084-40F9-8FCD-6ED304E3ADF7}.Release|Any CPU.ActiveCfg = Release|Any CPU
		{807F9E08-6084-40F9-8FCD-6ED304E3ADF7}.Release|Any CPU.Build.0 = Release|Any CPU
		{D4DD6670-58ED-4A43-B4AD-AE21D945E634}.Debug|Any CPU.ActiveCfg = Debug|Any CPU
		{D4DD6670-58ED-4A43-B4AD-AE21D945E634}.Debug|Any CPU.Build.0 = Debug|Any CPU
		{D4DD6670-58ED-4A43-B4AD-AE21D945E634}.Release|Any CPU.ActiveCfg = Release|Any CPU
		{D4DD6670-58ED-4A43-B4AD-AE21D945E634}.Release|Any CPU.Build.0 = Release|Any CPU
	EndGlobalSection
	GlobalSection(SolutionProperties) = preSolution
		HideSolutionNode = FALSE
	EndGlobalSection
	GlobalSection(ExtensibilityGlobals) = postSolution
		SolutionGuid = {59F95FAE-13AE-4844-A18F-20052F403922}
	EndGlobalSection
EndGlobal
