
Microsoft Visual Studio Solution File, Format Version 12.00
# Visual Studio Version 16
VisualStudioVersion = 16.0.31205.134
MinimumVisualStudioVersion = 10.0.40219.1
Project("{FAE04EC0-301F-11D3-BF4B-00C04F79EFBC}") = "Proline.Online.DBApi", "Proline.Online.DBApi\Proline.Online.DBApi.csproj", "{7162528C-1EE8-484A-9FFD-E14F0B0C2AF2}"
EndProject
Project("{FAE04EC0-301F-11D3-BF4B-00C04F79EFBC}") = "Proline.Online.MidLayer", "Proline.Online.MidLayer\Proline.Online.MidLayer.csproj", "{DA44959B-F7E0-4774-9D8D-0C0DF706C456}"
EndProject
Project("{FAE04EC0-301F-11D3-BF4B-00C04F79EFBC}") = "Proline.Online.NUnit", "Proline.Online.NUnit\Proline.Online.NUnit.csproj", "{FB49C579-7C40-48AA-AC3A-E090BE5048A4}"
EndProject
Project("{FAE04EC0-301F-11D3-BF4B-00C04F79EFBC}") = "Proline.Online.Web.Service", "Proline.Online.Web.Service\Proline.Online.Web.Service.csproj", "{937CEA87-E66E-4E29-968A-655B6A9FCD9B}"
EndProject
Project("{FAE04EC0-301F-11D3-BF4B-00C04F79EFBC}") = "Proline.Online.Data", "Proline.Online.Data\Proline.Online.Data.csproj", "{F1C99BDE-597D-4F30-A9A8-01B44509478D}"
EndProject
Project("{FAE04EC0-301F-11D3-BF4B-00C04F79EFBC}") = "Proline.Online.Client", "Proline.Online.Client\Proline.Online.Client.csproj", "{FFCC5E75-67C9-4F2C-B3BA-630B82EE87DF}"
EndProject
Global
	GlobalSection(SolutionConfigurationPlatforms) = preSolution
		Debug|Any CPU = Debug|Any CPU
		Debug|x64 = Debug|x64
		Release|Any CPU = Release|Any CPU
		Release|x64 = Release|x64
	EndGlobalSection
	GlobalSection(ProjectConfigurationPlatforms) = postSolution
		{7162528C-1EE8-484A-9FFD-E14F0B0C2AF2}.Debug|Any CPU.ActiveCfg = Debug|Any CPU
		{7162528C-1EE8-484A-9FFD-E14F0B0C2AF2}.Debug|Any CPU.Build.0 = Debug|Any CPU
		{7162528C-1EE8-484A-9FFD-E14F0B0C2AF2}.Debug|x64.ActiveCfg = Debug|Any CPU
		{7162528C-1EE8-484A-9FFD-E14F0B0C2AF2}.Debug|x64.Build.0 = Debug|Any CPU
		{7162528C-1EE8-484A-9FFD-E14F0B0C2AF2}.Release|Any CPU.ActiveCfg = Release|Any CPU
		{7162528C-1EE8-484A-9FFD-E14F0B0C2AF2}.Release|Any CPU.Build.0 = Release|Any CPU
		{7162528C-1EE8-484A-9FFD-E14F0B0C2AF2}.Release|x64.ActiveCfg = Release|Any CPU
		{7162528C-1EE8-484A-9FFD-E14F0B0C2AF2}.Release|x64.Build.0 = Release|Any CPU
		{DA44959B-F7E0-4774-9D8D-0C0DF706C456}.Debug|Any CPU.ActiveCfg = Debug|Any CPU
		{DA44959B-F7E0-4774-9D8D-0C0DF706C456}.Debug|Any CPU.Build.0 = Debug|Any CPU
		{DA44959B-F7E0-4774-9D8D-0C0DF706C456}.Debug|x64.ActiveCfg = Debug|Any CPU
		{DA44959B-F7E0-4774-9D8D-0C0DF706C456}.Debug|x64.Build.0 = Debug|Any CPU
		{DA44959B-F7E0-4774-9D8D-0C0DF706C456}.Release|Any CPU.ActiveCfg = Release|Any CPU
		{DA44959B-F7E0-4774-9D8D-0C0DF706C456}.Release|Any CPU.Build.0 = Release|Any CPU
		{DA44959B-F7E0-4774-9D8D-0C0DF706C456}.Release|x64.ActiveCfg = Release|Any CPU
		{DA44959B-F7E0-4774-9D8D-0C0DF706C456}.Release|x64.Build.0 = Release|Any CPU
		{FB49C579-7C40-48AA-AC3A-E090BE5048A4}.Debug|Any CPU.ActiveCfg = Debug|Any CPU
		{FB49C579-7C40-48AA-AC3A-E090BE5048A4}.Debug|Any CPU.Build.0 = Debug|Any CPU
		{FB49C579-7C40-48AA-AC3A-E090BE5048A4}.Debug|x64.ActiveCfg = Debug|Any CPU
		{FB49C579-7C40-48AA-AC3A-E090BE5048A4}.Debug|x64.Build.0 = Debug|Any CPU
		{FB49C579-7C40-48AA-AC3A-E090BE5048A4}.Release|Any CPU.ActiveCfg = Release|Any CPU
		{FB49C579-7C40-48AA-AC3A-E090BE5048A4}.Release|Any CPU.Build.0 = Release|Any CPU
		{FB49C579-7C40-48AA-AC3A-E090BE5048A4}.Release|x64.ActiveCfg = Release|Any CPU
		{FB49C579-7C40-48AA-AC3A-E090BE5048A4}.Release|x64.Build.0 = Release|Any CPU
		{937CEA87-E66E-4E29-968A-655B6A9FCD9B}.Debug|Any CPU.ActiveCfg = Debug|Any CPU
		{937CEA87-E66E-4E29-968A-655B6A9FCD9B}.Debug|Any CPU.Build.0 = Debug|Any CPU
		{937CEA87-E66E-4E29-968A-655B6A9FCD9B}.Debug|x64.ActiveCfg = Debug|x64
		{937CEA87-E66E-4E29-968A-655B6A9FCD9B}.Debug|x64.Build.0 = Debug|x64
		{937CEA87-E66E-4E29-968A-655B6A9FCD9B}.Release|Any CPU.ActiveCfg = Release|Any CPU
		{937CEA87-E66E-4E29-968A-655B6A9FCD9B}.Release|Any CPU.Build.0 = Release|Any CPU
		{937CEA87-E66E-4E29-968A-655B6A9FCD9B}.Release|x64.ActiveCfg = Release|x64
		{937CEA87-E66E-4E29-968A-655B6A9FCD9B}.Release|x64.Build.0 = Release|x64
		{F1C99BDE-597D-4F30-A9A8-01B44509478D}.Debug|Any CPU.ActiveCfg = Debug|Any CPU
		{F1C99BDE-597D-4F30-A9A8-01B44509478D}.Debug|Any CPU.Build.0 = Debug|Any CPU
		{F1C99BDE-597D-4F30-A9A8-01B44509478D}.Debug|x64.ActiveCfg = Debug|Any CPU
		{F1C99BDE-597D-4F30-A9A8-01B44509478D}.Debug|x64.Build.0 = Debug|Any CPU
		{F1C99BDE-597D-4F30-A9A8-01B44509478D}.Release|Any CPU.ActiveCfg = Release|Any CPU
		{F1C99BDE-597D-4F30-A9A8-01B44509478D}.Release|Any CPU.Build.0 = Release|Any CPU
		{F1C99BDE-597D-4F30-A9A8-01B44509478D}.Release|x64.ActiveCfg = Release|Any CPU
		{F1C99BDE-597D-4F30-A9A8-01B44509478D}.Release|x64.Build.0 = Release|Any CPU
		{FFCC5E75-67C9-4F2C-B3BA-630B82EE87DF}.Debug|Any CPU.ActiveCfg = Debug|Any CPU
		{FFCC5E75-67C9-4F2C-B3BA-630B82EE87DF}.Debug|Any CPU.Build.0 = Debug|Any CPU
		{FFCC5E75-67C9-4F2C-B3BA-630B82EE87DF}.Debug|x64.ActiveCfg = Debug|Any CPU
		{FFCC5E75-67C9-4F2C-B3BA-630B82EE87DF}.Debug|x64.Build.0 = Debug|Any CPU
		{FFCC5E75-67C9-4F2C-B3BA-630B82EE87DF}.Release|Any CPU.ActiveCfg = Release|Any CPU
		{FFCC5E75-67C9-4F2C-B3BA-630B82EE87DF}.Release|Any CPU.Build.0 = Release|Any CPU
		{FFCC5E75-67C9-4F2C-B3BA-630B82EE87DF}.Release|x64.ActiveCfg = Release|Any CPU
		{FFCC5E75-67C9-4F2C-B3BA-630B82EE87DF}.Release|x64.Build.0 = Release|Any CPU
	EndGlobalSection
	GlobalSection(SolutionProperties) = preSolution
		HideSolutionNode = FALSE
	EndGlobalSection
	GlobalSection(ExtensibilityGlobals) = postSolution
		SolutionGuid = {650EDD46-1AE1-4B96-BFFA-11254DF0D99B}
	EndGlobalSection
EndGlobal
